
Microsoft Visual Studio Solution File, Format Version 12.00
# Visual Studio Version 16
VisualStudioVersion = 16.0.30011.22
MinimumVisualStudioVersion = 10.0.40219.1
Project("{9A19103F-16F7-4668-BE54-9A1E7A4F7556}") = "AspNetCore.WebConventions", "AspNetCore.WebConventions.csproj", "{F93BCD6C-D641-41ED-8212-FDA07E1F6DE1}"
EndProject
Project("{E53339B2-1760-4266-BCC7-CA923CBCF16C}") = "docker-compose", "docker-compose.dcproj", "{67F0D546-710D-4DE4-BF67-B30EA8D94833}"
EndProject
Global
	GlobalSection(SolutionConfigurationPlatforms) = preSolution
		Debug|Any CPU = Debug|Any CPU
		Release|Any CPU = Release|Any CPU
	EndGlobalSection
	GlobalSection(ProjectConfigurationPlatforms) = postSolution
		{F93BCD6C-D641-41ED-8212-FDA07E1F6DE1}.Debug|Any CPU.ActiveCfg = Debug|Any CPU
		{F93BCD6C-D641-41ED-8212-FDA07E1F6DE1}.Debug|Any CPU.Build.0 = Debug|Any CPU
		{F93BCD6C-D641-41ED-8212-FDA07E1F6DE1}.Release|Any CPU.ActiveCfg = Release|Any CPU
		{F93BCD6C-D641-41ED-8212-FDA07E1F6DE1}.Release|Any CPU.Build.0 = Release|Any CPU
		{67F0D546-710D-4DE4-BF67-B30EA8D94833}.Debug|Any CPU.ActiveCfg = Debug|Any CPU
		{67F0D546-710D-4DE4-BF67-B30EA8D94833}.Debug|Any CPU.Build.0 = Debug|Any CPU
		{67F0D546-710D-4DE4-BF67-B30EA8D94833}.Release|Any CPU.ActiveCfg = Release|Any CPU
		{67F0D546-710D-4DE4-BF67-B30EA8D94833}.Release|Any CPU.Build.0 = Release|Any CPU
	EndGlobalSection
	GlobalSection(SolutionProperties) = preSolution
		HideSolutionNode = FALSE
	EndGlobalSection
	GlobalSection(ExtensibilityGlobals) = postSolution
		SolutionGuid = {0DF395C9-D31F-4273-BED6-9288A5E4315D}
	EndGlobalSection
EndGlobal
